
Microsoft Visual Studio Solution File, Format Version 12.00
# Visual Studio Version 16
VisualStudioVersion = 16.0.29418.71
MinimumVisualStudioVersion = 10.0.40219.1
Project("{9A19103F-16F7-4668-BE54-9A1E7A4F7556}") = "Nysa.Scheduling", "Nysa.Scheduling\Nysa.Scheduling.csproj", "{BF0D7103-AE8E-474D-A935-0E02587FB61A}"
EndProject
Project("{9A19103F-16F7-4668-BE54-9A1E7A4F7556}") = "Nysa.Logics", "..\Nysa.Logics\Nysa.Logics.csproj", "{F8B2EAE7-A94A-4D3B-A9BE-3EEB7E3F1238}"
EndProject
Project("{9A19103F-16F7-4668-BE54-9A1E7A4F7556}") = "Nysa.Scheduling.Testing", "..\Nysa.Scheduling.Testing\Nysa.Scheduling.Testing.csproj", "{475F6FD0-97FE-4A8A-9BE7-296876AA6FCC}"
EndProject
Project("{FAE04EC0-301F-11D3-BF4B-00C04F79EFBC}") = "Nysa.Scheduling.RuleVisualizer", "..\Nysa.Scheduling.RuleVisualizer\Nysa.Scheduling.RuleVisualizer.csproj", "{ABE58987-7566-42FF-935C-4652663D87FF}"
EndProject
Global
	GlobalSection(SolutionConfigurationPlatforms) = preSolution
		Debug|Any CPU = Debug|Any CPU
		Release|Any CPU = Release|Any CPU
	EndGlobalSection
	GlobalSection(ProjectConfigurationPlatforms) = postSolution
		{BF0D7103-AE8E-474D-A935-0E02587FB61A}.Debug|Any CPU.ActiveCfg = Debug|Any CPU
		{BF0D7103-AE8E-474D-A935-0E02587FB61A}.Debug|Any CPU.Build.0 = Debug|Any CPU
		{BF0D7103-AE8E-474D-A935-0E02587FB61A}.Release|Any CPU.ActiveCfg = Release|Any CPU
		{BF0D7103-AE8E-474D-A935-0E02587FB61A}.Release|Any CPU.Build.0 = Release|Any CPU
		{F8B2EAE7-A94A-4D3B-A9BE-3EEB7E3F1238}.Debug|Any CPU.ActiveCfg = Debug|Any CPU
		{F8B2EAE7-A94A-4D3B-A9BE-3EEB7E3F1238}.Debug|Any CPU.Build.0 = Debug|Any CPU
		{F8B2EAE7-A94A-4D3B-A9BE-3EEB7E3F1238}.Release|Any CPU.ActiveCfg = Release|Any CPU
		{F8B2EAE7-A94A-4D3B-A9BE-3EEB7E3F1238}.Release|Any CPU.Build.0 = Release|Any CPU
		{475F6FD0-97FE-4A8A-9BE7-296876AA6FCC}.Debug|Any CPU.ActiveCfg = Debug|Any CPU
		{475F6FD0-97FE-4A8A-9BE7-296876AA6FCC}.Debug|Any CPU.Build.0 = Debug|Any CPU
		{475F6FD0-97FE-4A8A-9BE7-296876AA6FCC}.Release|Any CPU.ActiveCfg = Release|Any CPU
		{475F6FD0-97FE-4A8A-9BE7-296876AA6FCC}.Release|Any CPU.Build.0 = Release|Any CPU
		{ABE58987-7566-42FF-935C-4652663D87FF}.Debug|Any CPU.ActiveCfg = Debug|Any CPU
		{ABE58987-7566-42FF-935C-4652663D87FF}.Debug|Any CPU.Build.0 = Debug|Any CPU
		{ABE58987-7566-42FF-935C-4652663D87FF}.Release|Any CPU.ActiveCfg = Release|Any CPU
		{ABE58987-7566-42FF-935C-4652663D87FF}.Release|Any CPU.Build.0 = Release|Any CPU
	EndGlobalSection
	GlobalSection(SolutionProperties) = preSolution
		HideSolutionNode = FALSE
	EndGlobalSection
	GlobalSection(ExtensibilityGlobals) = postSolution
		SolutionGuid = {A88CA205-478E-408E-B046-108F051B6AD0}
	EndGlobalSection
EndGlobal
